
Microsoft Visual Studio Solution File, Format Version 12.00
# Visual Studio Version 17
VisualStudioVersion = 17.6.33723.286
MinimumVisualStudioVersion = 10.0.40219.1
Project("{FAE04EC0-301F-11D3-BF4B-00C04F79EFBC}") = "Blog.Web", "Blog.Web\Blog.Web.csproj", "{49FB2696-A0DB-41C1-B14A-E0E055565440}"
EndProject
Project("{FAE04EC0-301F-11D3-BF4B-00C04F79EFBC}") = "Blog.Entity", "Blog.Entity\Blog.Entity.csproj", "{B92EF00A-3F5B-4091-805D-379049A81CBD}"
EndProject
Project("{FAE04EC0-301F-11D3-BF4B-00C04F79EFBC}") = "Blog.Data", "Blog.Data\Blog.Data.csproj", "{DFFA7287-3719-4383-9F5F-DE9B5BAE5F54}"
EndProject
Project("{FAE04EC0-301F-11D3-BF4B-00C04F79EFBC}") = "Blog.Service", "Blog.Service\Blog.Service.csproj", "{260C299A-E317-456D-AA28-DE2D09CC5283}"
EndProject
Project("{FAE04EC0-301F-11D3-BF4B-00C04F79EFBC}") = "Blog.Core", "Blog.Core\Blog.Core.csproj", "{028A6374-6DB1-46C3-AB82-0BA9FD5F0190}"
EndProject
Global
	GlobalSection(SolutionConfigurationPlatforms) = preSolution
		Debug|Any CPU = Debug|Any CPU
		Release|Any CPU = Release|Any CPU
	EndGlobalSection
	GlobalSection(ProjectConfigurationPlatforms) = postSolution
		{49FB2696-A0DB-41C1-B14A-E0E055565440}.Debug|Any CPU.ActiveCfg = Debug|Any CPU
		{49FB2696-A0DB-41C1-B14A-E0E055565440}.Debug|Any CPU.Build.0 = Debug|Any CPU
		{49FB2696-A0DB-41C1-B14A-E0E055565440}.Release|Any CPU.ActiveCfg = Release|Any CPU
		{49FB2696-A0DB-41C1-B14A-E0E055565440}.Release|Any CPU.Build.0 = Release|Any CPU
		{B92EF00A-3F5B-4091-805D-379049A81CBD}.Debug|Any CPU.ActiveCfg = Debug|Any CPU
		{B92EF00A-3F5B-4091-805D-379049A81CBD}.Debug|Any CPU.Build.0 = Debug|Any CPU
		{B92EF00A-3F5B-4091-805D-379049A81CBD}.Release|Any CPU.ActiveCfg = Release|Any CPU
		{B92EF00A-3F5B-4091-805D-379049A81CBD}.Release|Any CPU.Build.0 = Release|Any CPU
		{DFFA7287-3719-4383-9F5F-DE9B5BAE5F54}.Debug|Any CPU.ActiveCfg = Debug|Any CPU
		{DFFA7287-3719-4383-9F5F-DE9B5BAE5F54}.Debug|Any CPU.Build.0 = Debug|Any CPU
		{DFFA7287-3719-4383-9F5F-DE9B5BAE5F54}.Release|Any CPU.ActiveCfg = Release|Any CPU
		{DFFA7287-3719-4383-9F5F-DE9B5BAE5F54}.Release|Any CPU.Build.0 = Release|Any CPU
		{260C299A-E317-456D-AA28-DE2D09CC5283}.Debug|Any CPU.ActiveCfg = Debug|Any CPU
		{260C299A-E317-456D-AA28-DE2D09CC5283}.Debug|Any CPU.Build.0 = Debug|Any CPU
		{260C299A-E317-456D-AA28-DE2D09CC5283}.Release|Any CPU.ActiveCfg = Release|Any CPU
		{260C299A-E317-456D-AA28-DE2D09CC5283}.Release|Any CPU.Build.0 = Release|Any CPU
		{028A6374-6DB1-46C3-AB82-0BA9FD5F0190}.Debug|Any CPU.ActiveCfg = Debug|Any CPU
		{028A6374-6DB1-46C3-AB82-0BA9FD5F0190}.Debug|Any CPU.Build.0 = Debug|Any CPU
		{028A6374-6DB1-46C3-AB82-0BA9FD5F0190}.Release|Any CPU.ActiveCfg = Release|Any CPU
		{028A6374-6DB1-46C3-AB82-0BA9FD5F0190}.Release|Any CPU.Build.0 = Release|Any CPU
	EndGlobalSection
	GlobalSection(SolutionProperties) = preSolution
		HideSolutionNode = FALSE
	EndGlobalSection
	GlobalSection(ExtensibilityGlobals) = postSolution
		SolutionGuid = {0A638A49-84CF-4D85-B281-A16101343D48}
	EndGlobalSection
EndGlobal
